
Microsoft Visual Studio Solution File, Format Version 12.00
# Visual Studio 14
VisualStudioVersion = 14.0.25420.1
MinimumVisualStudioVersion = 10.0.40219.1
Project("{FAE04EC0-301F-11D3-BF4B-00C04F79EFBC}") = "BGAppService", "BGAppService\BGAppService.csproj", "{A72013EC-1F75-4965-BFAD-B45B82346B41}"
EndProject
Project("{FAE04EC0-301F-11D3-BF4B-00C04F79EFBC}") = "AppServiceClient", "AppServiceUI\AppServiceClient.csproj", "{8F305244-15D4-4C06-8B8C-2F0807CB7021}"
EndProject
Project("{FAE04EC0-301F-11D3-BF4B-00C04F79EFBC}") = "AppServiceServer", "AppServiceClient\AppServiceServer.csproj", "{8559C3CD-4690-4770-9A16-463AD2310841}"
EndProject
Project("{FAE04EC0-301F-11D3-BF4B-00C04F79EFBC}") = "ServiceManager", "ServiceManager\ServiceManager.csproj", "{A8F3AE09-C2FC-4971-9DA6-6F6E1D842E57}"
EndProject
Project("{FAE04EC0-301F-11D3-BF4B-00C04F79EFBC}") = "SingleAppService", "SingleAppService\SingleAppService.csproj", "{F4E72031-8885-4982-BDC3-F6FC9A932568}"
EndProject
Global
	GlobalSection(SolutionConfigurationPlatforms) = preSolution
		Debug|Any CPU = Debug|Any CPU
		Debug|ARM = Debug|ARM
		Debug|x64 = Debug|x64
		Debug|x86 = Debug|x86
		Release|Any CPU = Release|Any CPU
		Release|ARM = Release|ARM
		Release|x64 = Release|x64
		Release|x86 = Release|x86
	EndGlobalSection
	GlobalSection(ProjectConfigurationPlatforms) = postSolution
		{A72013EC-1F75-4965-BFAD-B45B82346B41}.Debug|Any CPU.ActiveCfg = Debug|Any CPU
		{A72013EC-1F75-4965-BFAD-B45B82346B41}.Debug|Any CPU.Build.0 = Debug|Any CPU
		{A72013EC-1F75-4965-BFAD-B45B82346B41}.Debug|ARM.ActiveCfg = Debug|ARM
		{A72013EC-1F75-4965-BFAD-B45B82346B41}.Debug|ARM.Build.0 = Debug|ARM
		{A72013EC-1F75-4965-BFAD-B45B82346B41}.Debug|x64.ActiveCfg = Debug|x64
		{A72013EC-1F75-4965-BFAD-B45B82346B41}.Debug|x64.Build.0 = Debug|x64
		{A72013EC-1F75-4965-BFAD-B45B82346B41}.Debug|x86.ActiveCfg = Debug|x86
		{A72013EC-1F75-4965-BFAD-B45B82346B41}.Debug|x86.Build.0 = Debug|x86
		{A72013EC-1F75-4965-BFAD-B45B82346B41}.Release|Any CPU.ActiveCfg = Release|Any CPU
		{A72013EC-1F75-4965-BFAD-B45B82346B41}.Release|Any CPU.Build.0 = Release|Any CPU
		{A72013EC-1F75-4965-BFAD-B45B82346B41}.Release|ARM.ActiveCfg = Release|ARM
		{A72013EC-1F75-4965-BFAD-B45B82346B41}.Release|ARM.Build.0 = Release|ARM
		{A72013EC-1F75-4965-BFAD-B45B82346B41}.Release|x64.ActiveCfg = Release|x64
		{A72013EC-1F75-4965-BFAD-B45B82346B41}.Release|x64.Build.0 = Release|x64
		{A72013EC-1F75-4965-BFAD-B45B82346B41}.Release|x86.ActiveCfg = Release|x86
		{A72013EC-1F75-4965-BFAD-B45B82346B41}.Release|x86.Build.0 = Release|x86
		{8F305244-15D4-4C06-8B8C-2F0807CB7021}.Debug|Any CPU.ActiveCfg = Debug|x86
		{8F305244-15D4-4C06-8B8C-2F0807CB7021}.Debug|Any CPU.Build.0 = Debug|x86
		{8F305244-15D4-4C06-8B8C-2F0807CB7021}.Debug|Any CPU.Deploy.0 = Debug|x86
		{8F305244-15D4-4C06-8B8C-2F0807CB7021}.Debug|ARM.ActiveCfg = Debug|ARM
		{8F305244-15D4-4C06-8B8C-2F0807CB7021}.Debug|ARM.Build.0 = Debug|ARM
		{8F305244-15D4-4C06-8B8C-2F0807CB7021}.Debug|ARM.Deploy.0 = Debug|ARM
		{8F305244-15D4-4C06-8B8C-2F0807CB7021}.Debug|x64.ActiveCfg = Debug|x64
		{8F305244-15D4-4C06-8B8C-2F0807CB7021}.Debug|x64.Build.0 = Debug|x64
		{8F305244-15D4-4C06-8B8C-2F0807CB7021}.Debug|x64.Deploy.0 = Debug|x64
		{8F305244-15D4-4C06-8B8C-2F0807CB7021}.Debug|x86.ActiveCfg = Debug|x86
		{8F305244-15D4-4C06-8B8C-2F0807CB7021}.Debug|x86.Build.0 = Debug|x86
		{8F305244-15D4-4C06-8B8C-2F0807CB7021}.Debug|x86.Deploy.0 = Debug|x86
		{8F305244-15D4-4C06-8B8C-2F0807CB7021}.Release|Any CPU.ActiveCfg = Release|x86
		{8F305244-15D4-4C06-8B8C-2F0807CB7021}.Release|ARM.ActiveCfg = Release|ARM
		{8F305244-15D4-4C06-8B8C-2F0807CB7021}.Release|ARM.Build.0 = Release|ARM
		{8F305244-15D4-4C06-8B8C-2F0807CB7021}.Release|ARM.Deploy.0 = Release|ARM
		{8F305244-15D4-4C06-8B8C-2F0807CB7021}.Release|x64.ActiveCfg = Release|x64
		{8F305244-15D4-4C06-8B8C-2F0807CB7021}.Release|x64.Build.0 = Release|x64
		{8F305244-15D4-4C06-8B8C-2F0807CB7021}.Release|x64.Deploy.0 = Release|x64
		{8F305244-15D4-4C06-8B8C-2F0807CB7021}.Release|x86.ActiveCfg = Release|x86
		{8F305244-15D4-4C06-8B8C-2F0807CB7021}.Release|x86.Build.0 = Release|x86
		{8F305244-15D4-4C06-8B8C-2F0807CB7021}.Release|x86.Deploy.0 = Release|x86
		{8559C3CD-4690-4770-9A16-463AD2310841}.Debug|Any CPU.ActiveCfg = Debug|x86
		{8559C3CD-4690-4770-9A16-463AD2310841}.Debug|Any CPU.Build.0 = Debug|x86
		{8559C3CD-4690-4770-9A16-463AD2310841}.Debug|Any CPU.Deploy.0 = Debug|x86
		{8559C3CD-4690-4770-9A16-463AD2310841}.Debug|ARM.ActiveCfg = Debug|ARM
		{8559C3CD-4690-4770-9A16-463AD2310841}.Debug|ARM.Build.0 = Debug|ARM
		{8559C3CD-4690-4770-9A16-463AD2310841}.Debug|ARM.Deploy.0 = Debug|ARM
		{8559C3CD-4690-4770-9A16-463AD2310841}.Debug|x64.ActiveCfg = Debug|x64
		{8559C3CD-4690-4770-9A16-463AD2310841}.Debug|x64.Build.0 = Debug|x64
		{8559C3CD-4690-4770-9A16-463AD2310841}.Debug|x64.Deploy.0 = Debug|x64
		{8559C3CD-4690-4770-9A16-463AD2310841}.Debug|x86.ActiveCfg = Debug|x86
		{8559C3CD-4690-4770-9A16-463AD2310841}.Debug|x86.Build.0 = Debug|x86
		{8559C3CD-4690-4770-9A16-463AD2310841}.Debug|x86.Deploy.0 = Debug|x86
		{8559C3CD-4690-4770-9A16-463AD2310841}.Release|Any CPU.ActiveCfg = Release|x86
		{8559C3CD-4690-4770-9A16-463AD2310841}.Release|ARM.ActiveCfg = Release|ARM
		{8559C3CD-4690-4770-9A16-463AD2310841}.Release|ARM.Build.0 = Release|ARM
		{8559C3CD-4690-4770-9A16-463AD2310841}.Release|ARM.Deploy.0 = Release|ARM
		{8559C3CD-4690-4770-9A16-463AD2310841}.Release|x64.ActiveCfg = Release|x64
		{8559C3CD-4690-4770-9A16-463AD2310841}.Release|x64.Build.0 = Release|x64
		{8559C3CD-4690-4770-9A16-463AD2310841}.Release|x64.Deploy.0 = Release|x64
		{8559C3CD-4690-4770-9A16-463AD2310841}.Release|x86.ActiveCfg = Release|x86
		{8559C3CD-4690-4770-9A16-463AD2310841}.Release|x86.Build.0 = Release|x86
		{8559C3CD-4690-4770-9A16-463AD2310841}.Release|x86.Deploy.0 = Release|x86
		{A8F3AE09-C2FC-4971-9DA6-6F6E1D842E57}.Debug|Any CPU.ActiveCfg = Debug|Any CPU
		{A8F3AE09-C2FC-4971-9DA6-6F6E1D842E57}.Debug|Any CPU.Build.0 = Debug|Any CPU
		{A8F3AE09-C2FC-4971-9DA6-6F6E1D842E57}.Debug|ARM.ActiveCfg = Debug|ARM
		{A8F3AE09-C2FC-4971-9DA6-6F6E1D842E57}.Debug|ARM.Build.0 = Debug|ARM
		{A8F3AE09-C2FC-4971-9DA6-6F6E1D842E57}.Debug|x64.ActiveCfg = Debug|x64
		{A8F3AE09-C2FC-4971-9DA6-6F6E1D842E57}.Debug|x64.Build.0 = Debug|x64
		{A8F3AE09-C2FC-4971-9DA6-6F6E1D842E57}.Debug|x86.ActiveCfg = Debug|x86
		{A8F3AE09-C2FC-4971-9DA6-6F6E1D842E57}.Debug|x86.Build.0 = Debug|x86
		{A8F3AE09-C2FC-4971-9DA6-6F6E1D842E57}.Release|Any CPU.ActiveCfg = Release|Any CPU
		{A8F3AE09-C2FC-4971-9DA6-6F6E1D842E57}.Release|Any CPU.Build.0 = Release|Any CPU
		{A8F3AE09-C2FC-4971-9DA6-6F6E1D842E57}.Release|ARM.ActiveCfg = Release|ARM
		{A8F3AE09-C2FC-4971-9DA6-6F6E1D842E57}.Release|ARM.Build.0 = Release|ARM
		{A8F3AE09-C2FC-4971-9DA6-6F6E1D842E57}.Release|x64.ActiveCfg = Release|x64
		{A8F3AE09-C2FC-4971-9DA6-6F6E1D842E57}.Release|x64.Build.0 = Release|x64
		{A8F3AE09-C2FC-4971-9DA6-6F6E1D842E57}.Release|x86.ActiveCfg = Release|x86
		{A8F3AE09-C2FC-4971-9DA6-6F6E1D842E57}.Release|x86.Build.0 = Release|x86
		{F4E72031-8885-4982-BDC3-F6FC9A932568}.Debug|Any CPU.ActiveCfg = Debug|x86
		{F4E72031-8885-4982-BDC3-F6FC9A932568}.Debug|Any CPU.Build.0 = Debug|x86
		{F4E72031-8885-4982-BDC3-F6FC9A932568}.Debug|Any CPU.Deploy.0 = Debug|x86
		{F4E72031-8885-4982-BDC3-F6FC9A932568}.Debug|ARM.ActiveCfg = Debug|ARM
		{F4E72031-8885-4982-BDC3-F6FC9A932568}.Debug|ARM.Build.0 = Debug|ARM
		{F4E72031-8885-4982-BDC3-F6FC9A932568}.Debug|ARM.Deploy.0 = Debug|ARM
		{F4E72031-8885-4982-BDC3-F6FC9A932568}.Debug|x64.ActiveCfg = Debug|x64
		{F4E72031-8885-4982-BDC3-F6FC9A932568}.Debug|x64.Build.0 = Debug|x64
		{F4E72031-8885-4982-BDC3-F6FC9A932568}.Debug|x64.Deploy.0 = Debug|x64
		{F4E72031-8885-4982-BDC3-F6FC9A932568}.Debug|x86.ActiveCfg = Debug|x86
		{F4E72031-8885-4982-BDC3-F6FC9A932568}.Debug|x86.Build.0 = Debug|x86
		{F4E72031-8885-4982-BDC3-F6FC9A932568}.Debug|x86.Deploy.0 = Debug|x86
		{F4E72031-8885-4982-BDC3-F6FC9A932568}.Release|Any CPU.ActiveCfg = Release|x86
		{F4E72031-8885-4982-BDC3-F6FC9A932568}.Release|ARM.ActiveCfg = Release|ARM
		{F4E72031-8885-4982-BDC3-F6FC9A932568}.Release|ARM.Build.0 = Release|ARM
		{F4E72031-8885-4982-BDC3-F6FC9A932568}.Release|ARM.Deploy.0 = Release|ARM
		{F4E72031-8885-4982-BDC3-F6FC9A932568}.Release|x64.ActiveCfg = Release|x64
		{F4E72031-8885-4982-BDC3-F6FC9A932568}.Release|x64.Build.0 = Release|x64
		{F4E72031-8885-4982-BDC3-F6FC9A932568}.Release|x64.Deploy.0 = Release|x64
		{F4E72031-8885-4982-BDC3-F6FC9A932568}.Release|x86.ActiveCfg = Release|x86
		{F4E72031-8885-4982-BDC3-F6FC9A932568}.Release|x86.Build.0 = Release|x86
		{F4E72031-8885-4982-BDC3-F6FC9A932568}.Release|x86.Deploy.0 = Release|x86
	EndGlobalSection
	GlobalSection(SolutionProperties) = preSolution
		HideSolutionNode = FALSE
	EndGlobalSection
EndGlobal
